
Microsoft Visual Studio Solution File, Format Version 12.00
# Visual Studio Version 17
VisualStudioVersion = 17.14.36212.18
MinimumVisualStudioVersion = 10.0.40219.1
Project("{FAE04EC0-301F-11D3-BF4B-00C04F79EFBC}") = "EventRegistrator", "EventRegistrator\EventRegistrator.csproj", "{443DB5C7-D64E-4F14-B18F-24C3D790951E}"
EndProject
Project("{2150E333-8FDC-42A3-9474-1A3956D46DE8}") = "Элементы решения", "Элементы решения", "{754FC069-D67B-A9D7-50A1-8D1CA196D8F1}"
	ProjectSection(SolutionItems) = preProject
		Dockerfile = Dockerfile
	EndProjectSection
EndProject
Project("{FAE04EC0-301F-11D3-BF4B-00C04F79EFBC}") = "TimeSlotParserTests", "TimeSlotParserTests\TimeSlotParserTests.csproj", "{E7B42B94-F0E3-441D-BAAD-BF66858EFC8B}"
EndProject
Project("{FAE04EC0-301F-11D3-BF4B-00C04F79EFBC}") = "CommandTests", "CommandTests\CommandTests.csproj", "{DF203B11-9C0D-4D69-BF25-14A682D21254}"
EndProject
Global
	GlobalSection(SolutionConfigurationPlatforms) = preSolution
		Debug|Any CPU = Debug|Any CPU
		Release|Any CPU = Release|Any CPU
	EndGlobalSection
	GlobalSection(ProjectConfigurationPlatforms) = postSolution
		{443DB5C7-D64E-4F14-B18F-24C3D790951E}.Debug|Any CPU.ActiveCfg = Debug|Any CPU
		{443DB5C7-D64E-4F14-B18F-24C3D790951E}.Debug|Any CPU.Build.0 = Debug|Any CPU
		{443DB5C7-D64E-4F14-B18F-24C3D790951E}.Release|Any CPU.ActiveCfg = Release|Any CPU
		{443DB5C7-D64E-4F14-B18F-24C3D790951E}.Release|Any CPU.Build.0 = Release|Any CPU
		{E7B42B94-F0E3-441D-BAAD-BF66858EFC8B}.Debug|Any CPU.ActiveCfg = Debug|Any CPU
		{E7B42B94-F0E3-441D-BAAD-BF66858EFC8B}.Debug|Any CPU.Build.0 = Debug|Any CPU
		{E7B42B94-F0E3-441D-BAAD-BF66858EFC8B}.Release|Any CPU.ActiveCfg = Release|Any CPU
		{E7B42B94-F0E3-441D-BAAD-BF66858EFC8B}.Release|Any CPU.Build.0 = Release|Any CPU
		{DF203B11-9C0D-4D69-BF25-14A682D21254}.Debug|Any CPU.ActiveCfg = Debug|Any CPU
		{DF203B11-9C0D-4D69-BF25-14A682D21254}.Debug|Any CPU.Build.0 = Debug|Any CPU
		{DF203B11-9C0D-4D69-BF25-14A682D21254}.Release|Any CPU.ActiveCfg = Release|Any CPU
		{DF203B11-9C0D-4D69-BF25-14A682D21254}.Release|Any CPU.Build.0 = Release|Any CPU
	EndGlobalSection
	GlobalSection(SolutionProperties) = preSolution
		HideSolutionNode = FALSE
	EndGlobalSection
	GlobalSection(ExtensibilityGlobals) = postSolution
		SolutionGuid = {B43112F1-EEDF-4D15-BC93-935D2FB8AC8D}
	EndGlobalSection
EndGlobal
